
Microsoft Visual Studio Solution File, Format Version 12.00
# Visual Studio 15
VisualStudioVersion = 15.0.27130.2026
MinimumVisualStudioVersion = 10.0.40219.1
Project("{FAE04EC0-301F-11D3-BF4B-00C04F79EFBC}") = "QuanLyKhachSan", "QuanLyKhachSan\QuanLyKhachSan.csproj", "{5C28CBFD-AE17-4BAB-9AD2-AF834F78850B}"
EndProject
Global
	GlobalSection(SolutionConfigurationPlatforms) = preSolution
		Debug|Any CPU = Debug|Any CPU
		Release|Any CPU = Release|Any CPU
	EndGlobalSection
	GlobalSection(ProjectConfigurationPlatforms) = postSolution
		{5C28CBFD-AE17-4BAB-9AD2-AF834F78850B}.Debug|Any CPU.ActiveCfg = Debug|Any CPU
		{5C28CBFD-AE17-4BAB-9AD2-AF834F78850B}.Debug|Any CPU.Build.0 = Debug|Any CPU
		{5C28CBFD-AE17-4BAB-9AD2-AF834F78850B}.Release|Any CPU.ActiveCfg = Release|Any CPU
		{5C28CBFD-AE17-4BAB-9AD2-AF834F78850B}.Release|Any CPU.Build.0 = Release|Any CPU
	EndGlobalSection
	GlobalSection(SolutionProperties) = preSolution
		HideSolutionNode = FALSE
	EndGlobalSection
	GlobalSection(ExtensibilityGlobals) = postSolution
		SolutionGuid = {0DAFA506-2DAE-4B45-B41E-34B65B53160B}
	EndGlobalSection
EndGlobal
